
Microsoft Visual Studio Solution File, Format Version 12.00
# Visual Studio Version 17
VisualStudioVersion = 17.7.34009.444
MinimumVisualStudioVersion = 10.0.40219.1
Project("{FAE04EC0-301F-11D3-BF4B-00C04F79EFBC}") = "DataWebApp.Api", "DataWebApp\DataWebApp.Api\DataWebApp.Api.csproj", "{3E139DBC-0753-43DC-95FD-4959A8F27BE0}"
EndProject
Project("{FAE04EC0-301F-11D3-BF4B-00C04F79EFBC}") = "DataWebApp.Data", "DataWebApp\DataWebApp.Data\DataWebApp.Data.csproj", "{F509B00C-F6C1-499B-AAF5-9E948946F764}"
EndProject
Project("{FAE04EC0-301F-11D3-BF4B-00C04F79EFBC}") = "DataWebApp.Dtos", "DataWebApp\DataWebApp.Dtos\DataWebApp.Dtos.csproj", "{60AB1083-6770-416E-BBBB-D223C1E2FD86}"
EndProject
Project("{FAE04EC0-301F-11D3-BF4B-00C04F79EFBC}") = "DataWebApp.Logging", "DataWebApp\DataWebApp.Logging\DataWebApp.Logging.csproj", "{90D17CA9-00F5-42E0-8D79-09FC6B693E6D}"
EndProject
Project("{FAE04EC0-301F-11D3-BF4B-00C04F79EFBC}") = "DataWebApp.UnitTest", "DataWebApp\DataWebApp.UnitTest\DataWebApp.UnitTest.csproj", "{1E9F0F9A-E9E1-47BB-8528-985C580FFA7A}"
EndProject
Global
	GlobalSection(SolutionConfigurationPlatforms) = preSolution
		Debug|Any CPU = Debug|Any CPU
		Release|Any CPU = Release|Any CPU
	EndGlobalSection
	GlobalSection(ProjectConfigurationPlatforms) = postSolution
		{3E139DBC-0753-43DC-95FD-4959A8F27BE0}.Debug|Any CPU.ActiveCfg = Debug|Any CPU
		{3E139DBC-0753-43DC-95FD-4959A8F27BE0}.Debug|Any CPU.Build.0 = Debug|Any CPU
		{3E139DBC-0753-43DC-95FD-4959A8F27BE0}.Release|Any CPU.ActiveCfg = Release|Any CPU
		{3E139DBC-0753-43DC-95FD-4959A8F27BE0}.Release|Any CPU.Build.0 = Release|Any CPU
		{F509B00C-F6C1-499B-AAF5-9E948946F764}.Debug|Any CPU.ActiveCfg = Debug|Any CPU
		{F509B00C-F6C1-499B-AAF5-9E948946F764}.Debug|Any CPU.Build.0 = Debug|Any CPU
		{F509B00C-F6C1-499B-AAF5-9E948946F764}.Release|Any CPU.ActiveCfg = Release|Any CPU
		{F509B00C-F6C1-499B-AAF5-9E948946F764}.Release|Any CPU.Build.0 = Release|Any CPU
		{60AB1083-6770-416E-BBBB-D223C1E2FD86}.Debug|Any CPU.ActiveCfg = Debug|Any CPU
		{60AB1083-6770-416E-BBBB-D223C1E2FD86}.Debug|Any CPU.Build.0 = Debug|Any CPU
		{60AB1083-6770-416E-BBBB-D223C1E2FD86}.Release|Any CPU.ActiveCfg = Release|Any CPU
		{60AB1083-6770-416E-BBBB-D223C1E2FD86}.Release|Any CPU.Build.0 = Release|Any CPU
		{90D17CA9-00F5-42E0-8D79-09FC6B693E6D}.Debug|Any CPU.ActiveCfg = Debug|Any CPU
		{90D17CA9-00F5-42E0-8D79-09FC6B693E6D}.Debug|Any CPU.Build.0 = Debug|Any CPU
		{90D17CA9-00F5-42E0-8D79-09FC6B693E6D}.Release|Any CPU.ActiveCfg = Release|Any CPU
		{90D17CA9-00F5-42E0-8D79-09FC6B693E6D}.Release|Any CPU.Build.0 = Release|Any CPU
		{1E9F0F9A-E9E1-47BB-8528-985C580FFA7A}.Debug|Any CPU.ActiveCfg = Debug|Any CPU
		{1E9F0F9A-E9E1-47BB-8528-985C580FFA7A}.Debug|Any CPU.Build.0 = Debug|Any CPU
		{1E9F0F9A-E9E1-47BB-8528-985C580FFA7A}.Release|Any CPU.ActiveCfg = Release|Any CPU
		{1E9F0F9A-E9E1-47BB-8528-985C580FFA7A}.Release|Any CPU.Build.0 = Release|Any CPU
	EndGlobalSection
	GlobalSection(SolutionProperties) = preSolution
		HideSolutionNode = FALSE
	EndGlobalSection
	GlobalSection(ExtensibilityGlobals) = postSolution
		SolutionGuid = {02A8716F-9B8A-421E-B223-6998D695D129}
	EndGlobalSection
EndGlobal
